# This file is autogenerated, do not edit; changes may be undone by the next 'dep ensure'.


[[projects]]
  branch = "master"
  digest = "1:a7f619ffc7b99687f9444bd0a07509fec8ae708a7175d234878129896c0918a8"
  name = "github.com/alecthomas/template"
  packages = [
    ".",
    "parse",
  ]
  pruneopts = ""
  revision = "fb15b899a75114aa79cc930e33c46b577cc664b1"

[[projects]]
  branch = "master"
  digest = "1:9d943843b71c5d44f184893fcdbe419bf639fee8647ceeca4c7d4fd95923721c"
  name = "github.com/alecthomas/units"
  packages = ["."]
  pruneopts = ""
  revision = "f65c72e2690dc4b403c8bd637baf4611cd4c069b"

[[projects]]
  digest = "1:ac2a05be7167c495fe8aaf8aaf62ecf81e78d2180ecb04e16778dc6c185c96a5"
  name = "github.com/beorn7/perks"
  packages = ["quantile"]
  pruneopts = ""
  revision = "37c8de3658fcb183f997c4e13e8337516ab753e6"
  version = "v1.0.1"

[[projects]]
  digest = "1:eb53021a8aa3f599d29c7102e65026242bdedce998a54837dc67f14b6a97c5fd"
  name = "github.com/fsnotify/fsnotify"
  packages = ["."]
  pruneopts = ""
  revision = "c2828203cd70a50dcccfb2761f8b1f8ceef9a8e9"
  version = "v1.4.7"

[[projects]]
  digest = "1:b852d2b62be24e445fcdbad9ce3015b44c207815d631230dfce3f14e7803f5bf"
  name = "github.com/golang/protobuf"
  packages = [
    "descriptor",
    "jsonpb",
    "proto",
    "protoc-gen-go/descriptor",
    "ptypes",
    "ptypes/any",
    "ptypes/duration",
    "ptypes/struct",
    "ptypes/timestamp",
    "ptypes/wrappers",
  ]
  pruneopts = ""
  revision = "6c65a5562fc06764971b7c5d05c76c75e84bdbf7"
  version = "v1.3.2"

[[projects]]
  digest = "1:a82fe90cbcaf5dfc8267a0b49e0ab0a67c636532c83b21326f5000817ef20d5b"
  name = "github.com/grpc-ecosystem/grpc-gateway"
  packages = [
    "internal",
    "runtime",
    "utilities",
  ]
  pruneopts = ""
  revision = "f7120437bb4f6c71f7f5076ad65a45310de2c009"
  version = "v1.12.1"

[[projects]]
  digest = "1:b3c5b95e56c06f5aa72cb2500e6ee5f44fcd122872d4fec2023a488e561218bc"
  name = "github.com/hpcloud/tail"
  packages = [
    ".",
    "ratelimiter",
    "util",
    "watch",
    "winfile",
  ]
  pruneopts = ""
  revision = "a30252cb686a21eb2d0b98132633053ec2f7f1e5"
  version = "v1.0.0"

[[projects]]
  digest = "1:870d441fe217b8e689d7949fef6e43efbc787e50f200cb1e70dbca9204a1d6be"
  name = "github.com/inconshreveable/mousetrap"
  packages = ["."]
  pruneopts = ""
  revision = "76626ae9c91c4f2a10f34cad8ce83ea42c93bb75"
  version = "v1.0"

[[projects]]
  digest = "1:0f51cee70b0d254dbc93c22666ea2abf211af81c1701a96d04e2284b408621db"
  name = "github.com/konsorten/go-windows-terminal-sequences"
  packages = ["."]
  pruneopts = ""
  revision = "f55edac94c9bbba5d6182a4be46d86a2c9b5b50e"
  version = "v1.0.2"

[[projects]]
  digest = "1:63722a4b1e1717be7b98fc686e0b30d5e7f734b9e93d7dee86293b6deab7ea28"
  name = "github.com/matttproud/golang_protobuf_extensions"
  packages = ["pbutil"]
  pruneopts = ""
  revision = "c12348ce28de40eed0136aa2b644d0ee0650e56c"
  version = "v1.0.1"

[[projects]]
  digest = "1:b651ba0ea8155a78a3a2b23e4cc86f85c44ce62856a565632444eb418d0d960e"
  name = "github.com/nalej/derrors"
  packages = ["."]
  pruneopts = ""
  revision = "bfc722761e86fbac74fae4f43db51901a538b72a"
  version = "v2.1.0"

[[projects]]
  digest = "1:457056233d3c0a6073811965928edc5f9584a52da7c53c14d66c5e5498872bef"
  name = "github.com/nalej/grpc-account-go"
  packages = ["."]
  pruneopts = ""
  revision = "c3d0ce01c6e9d92500fc87bae6c872cf97faf020"
  version = "v0.0.3"

[[projects]]
  digest = "1:8856a412436fa7b7c76135b7fc7e25c080500ffb021eda734dc1a86984aa82e1"
  name = "github.com/nalej/grpc-app-cluster-api-go"
  packages = ["."]
  pruneopts = ""
  revision = "c4c00b9de28f4b01bde214c49c711d9503467a05"
  version = "v0.0.26"

[[projects]]
  digest = "1:db80629ec1cb6f46cf6c92f350131811fc773fc67b5f9d5b57a84c1a01183613"
  name = "github.com/nalej/grpc-application-go"
  packages = ["."]
  pruneopts = ""
  revision = "23d094052316a074143e6fc61c5436320c8e2fb0"
  version = "v0.0.91"

[[projects]]
  digest = "1:14935510a150a010a7cb713d816fe04abc36fca1130778c36d1f0be7b15cc9e0"
  name = "github.com/nalej/grpc-application-network-go"
  packages = ["."]
  pruneopts = ""
  revision = "b4e239c75028c81dc1a841193dcd691b3fe4c219"
  version = "v0.0.16"

[[projects]]
  digest = "1:23b6f8c54a82d1b4e8ef6b72ae6a8ea36a95a7b6aa8fca8ab6a73041a6b4fdb2"
  name = "github.com/nalej/grpc-authx-go"
  packages = ["."]
  pruneopts = ""
  revision = "f4d46e01b91a5ecfe20c0d28ecfa6df3aa984f5d"
  version = "v0.0.54"

[[projects]]
  digest = "1:75e03b0b6498a5fe1d225717fa67388a01d771b7f6c8f93b652483b6d9f354fe"
  name = "github.com/nalej/grpc-cluster-watcher-go"
  packages = ["."]
  pruneopts = ""
  revision = "b3113b81356f3366b4d4534fc4bb821f1c784ae9"
  version = "v0.0.8"

[[projects]]
  digest = "1:5b4a712e9c2afbde8fe222cb0096183d0a0f72d1c2e4493cd39b55318b1a7c67"
  name = "github.com/nalej/grpc-common-go"
  packages = ["."]
  pruneopts = ""
  revision = "88afedc770cfa91e85284eeced920c2978fee8ef"
  version = "v0.0.38"

[[projects]]
  digest = "1:442429f610e3934106628ab549ddce78c45195ded6ba88ad76339b2a7756dc27"
  name = "github.com/nalej/grpc-conductor-go"
  packages = ["."]
  pruneopts = ""
  revision = "9cbe44351c8dbd004186abc61dff0430d497022a"
  version = "v0.0.96"

[[projects]]
  digest = "1:98b6027953482c9efb9ff40892c51d876d819a3a58543c7b5eb7c099c90d2d13"
  name = "github.com/nalej/grpc-connectivity-manager-go"
  packages = ["."]
  pruneopts = ""
  revision = "506a8e19e5f0c5d7d83bd08d473c1ae07439a310"
  version = "v0.0.4"

[[projects]]
  digest = "1:b23dd1094f2e65cf138000ced92de82d70b0811b8a3fc03e7e4df79bba44e751"
  name = "github.com/nalej/grpc-deployment-manager-go"
  packages = ["."]
  pruneopts = ""
  revision = "96a4d8dd785889c54cab647b604bb1d45fe57f00"
  version = "v0.0.64"

[[projects]]
  digest = "1:26321a3340b5dde398bd8ec308e3b54d129e55a9cd70cdba293a63f729244c80"
  name = "github.com/nalej/grpc-device-controller-go"
  packages = ["."]
  pruneopts = ""
  revision = "72b9a06729b12b6c0511c4bce5213322ad00a56a"
  version = "v0.0.9"

[[projects]]
  digest = "1:75f5f583927c28b8efe3492542b05bdbefb00505ad61afd99691b259df90b4cb"
  name = "github.com/nalej/grpc-device-go"
  packages = ["."]
  pruneopts = ""
  revision = "d89c6434d8647a6d36c6fa61637c09ff701a0b28"
  version = "v0.0.39"

[[projects]]
  digest = "1:1227687b61176fda193e268a054d1437fa4e87508bded2ba6064925a555204bc"
  name = "github.com/nalej/grpc-device-manager-go"
  packages = ["."]
  pruneopts = ""
  revision = "648d97c141e034cb3602ea298721eea31262edb8"
  version = "v0.0.15"

[[projects]]
  digest = "1:651a787d225f110ed385786107d317f9fc139ced7cf64c3f3f719cdf178929cc"
  name = "github.com/nalej/grpc-edge-inventory-proxy-go"
  packages = ["."]
  pruneopts = ""
  revision = "1d4164e0fd3b9c56d5f008dc3ef9c6a4d97277fd"
  version = "v0.0.17"

[[projects]]
  digest = "1:4175c6425c9d71417a68c5036608e89c244d2f4c92010b6c2b34f4800818bd2d"
  name = "github.com/nalej/grpc-infrastructure-go"
  packages = ["."]
  pruneopts = ""
  revision = "843be831319ae6b69bd461da970fae32b79e03f9"
  version = "v0.0.49"

[[projects]]
  digest = "1:52d4ed526ec58b9544a3cec008022015f95d025032a82320f8e53a799cc1d721"
  name = "github.com/nalej/grpc-inventory-go"
  packages = ["."]
  pruneopts = ""
  revision = "6e8e4092a118915cf8c4badf14b409ab90ec5f65"
  version = "v0.0.31"

[[projects]]
  digest = "1:1174713dc3ae0c9e6780c78e132f8f46167a076e04ec2322bcf00e19e9101d54"
  name = "github.com/nalej/grpc-inventory-manager-go"
  packages = ["."]
  pruneopts = ""
  revision = "2265ae4a35df74c846b1414da6390e2e37ef22d4"
  version = "v0.0.57"

[[projects]]
  digest = "1:07cb0a9bbb3b276d6a0ff63a1e3105f81ea66e9580f52b3ad282d8bbf4d9019b"
  name = "github.com/nalej/grpc-monitoring-go"
  packages = ["."]
  pruneopts = ""
  revision = "3a274cb674edbf3f2e3504934cbc4dd1a2399b98"
  version = "v0.0.9"

[[projects]]
  digest = "1:a38c55f4ee4da38689b71b5fbd0d0f2902657546dd39d49e5a5beb8c6b4f1e5c"
  name = "github.com/nalej/grpc-network-go"
  packages = ["."]
  pruneopts = ""
  revision = "d16d18d906572a8eab6419951f140753f28fcd54"
  version = "v0.0.46"

[[projects]]
  digest = "1:ba1b6bc93bc388dddeb0db8975ca32312921508dfff13803fb58c623c2350908"
  name = "github.com/nalej/grpc-organization-go"
  packages = ["."]
  pruneopts = ""
  revision = "01b7464c151b4c0fe3772516e58552f8ae8ddc9f"
  version = "v0.0.30"

[[projects]]
  digest = "1:04665058968000b594204bad78216f04d1b575f8fefe558a4eeecc75964ebf62"
  name = "github.com/nalej/grpc-project-go"
  packages = ["."]
  pruneopts = ""
  revision = "e4e5c1fb72cc23bdc744a04659c41d937b1eed31"
  version = "v0.0.3"

[[projects]]
  digest = "1:1870a2fdb0c64a4559db09751d8f9961419c6b0b270293ea523e294b362098c0"
  name = "github.com/nalej/grpc-unified-logging-go"
  packages = ["."]
  pruneopts = ""
  revision = "584d5f2609960879356f983328ae6aefe0358932"
  version = "v0.0.10"

[[projects]]
  digest = "1:3c48d4db5e7f6c3cda75e4fc1f9b061eb121ec26587bec82059eba37bac619be"
  name = "github.com/nalej/grpc-user-go"
  packages = ["."]
  pruneopts = ""
  revision = "698c351ad5637388b817eb09b823876ce93f1f88"
  version = "v0.0.33"

[[projects]]
  digest = "1:0261633894934ecc23f9b2551c21676dc5e89554d76aafd8ccb84aff21196799"
  name = "github.com/nalej/grpc-utils"
  packages = [
    "pkg/conversions",
    "pkg/test",
  ]
  pruneopts = ""
  revision = "f47f46a9b4002710e515fe04b3287585e1736a3f"
  version = "v1.5.0"

[[projects]]
  digest = "1:10d0f0b6be91698ca098ef472bfce7effe5eebedb411f8910f72d406cd19e309"
  name = "github.com/onsi/ginkgo"
  packages = [
    ".",
    "config",
    "internal/codelocation",
    "internal/containernode",
    "internal/failer",
    "internal/leafnodes",
    "internal/remote",
    "internal/spec",
    "internal/spec_iterator",
    "internal/specrunner",
    "internal/suite",
    "internal/testingtproxy",
    "internal/writer",
    "reporters",
    "reporters/stenographer",
    "reporters/stenographer/support/go-colorable",
    "reporters/stenographer/support/go-isatty",
    "types",
  ]
  pruneopts = ""
  revision = "ce5d301e555bb672c693c099ba6ca5087b06c0b4"
  version = "v1.10.3"

[[projects]]
  digest = "1:b7aa33bc4ef1beabadce97668b6e32fda21bdc81434704e3480b27a293833789"
  name = "github.com/onsi/gomega"
  packages = [
    ".",
    "format",
    "internal/assertion",
    "internal/asyncassertion",
    "internal/oraclematcher",
    "internal/testingtsupport",
    "matchers",
    "matchers/support/goraph/bipartitegraph",
    "matchers/support/goraph/edge",
    "matchers/support/goraph/node",
    "matchers/support/goraph/util",
    "types",
  ]
  pruneopts = ""
  revision = "f9a52764bd5a0fd2d201bcca584351d03b72f8da"
  version = "v1.7.1"

[[projects]]
  digest = "1:6f218995d6a74636cfcab45ce03005371e682b4b9bee0e5eb0ccfd83ef85364f"
  name = "github.com/prometheus/client_golang"
  packages = [
    "api",
    "api/prometheus/v1",
    "prometheus",
    "prometheus/internal",
    "prometheus/promhttp",
  ]
  pruneopts = ""
  revision = "505eaef017263e299324067d40ca2c48f6a2cf50"
  version = "v0.9.2"

[[projects]]
  branch = "master"
  digest = "1:0a565f69553dd41b3de790fde3532e9237142f2637899e20cd3e7396f0c4f2f7"
  name = "github.com/prometheus/client_model"
  packages = ["go"]
  pruneopts = ""
  revision = "14fe0d1b01d4d5fc031dd4bec1823bd3ebbe8016"

[[projects]]
  digest = "1:8904acfa3ef080005c1fc0670ed0471739d1e211be5638cfa6af536b701942ae"
  name = "github.com/prometheus/common"
  packages = [
    "expfmt",
    "internal/bitbucket.org/ww/goautoneg",
    "log",
    "model",
  ]
  pruneopts = ""
  revision = "287d3e634a1e550c9e463dd7e5a75a422c614505"
  version = "v0.7.0"

[[projects]]
  digest = "1:4c64aa254bc24990bc0216de9dd955ff83f061e9baac7ed2ffc293442ab7514a"
  name = "github.com/prometheus/procfs"
  packages = [
    ".",
    "internal/fs",
    "internal/util",
  ]
  pruneopts = ""
  revision = "6d489fc7f1d9cd890a250f3ea3431b1744b9623f"
  version = "v0.0.8"

[[projects]]
  digest = "1:bb20b170036a4c2c75c40fe0aaf908437e7d03e33f28d9ddbad54f8ed017fb57"
  name = "github.com/rs/zerolog"
  packages = [
    ".",
    "internal/cbor",
    "internal/json",
    "log",
  ]
  pruneopts = ""
  revision = "f1dd50b8c64d79be1392edf1d8fda5cedea4916d"
  version = "v1.17.2"

[[projects]]
  digest = "1:1a405cddcf3368445051fb70ab465ae99da56ad7be8d8ca7fc52159d1c2d873c"
  name = "github.com/sirupsen/logrus"
  packages = ["."]
  pruneopts = ""
  revision = "839c75faf7f98a33d445d181f3018b5c3409a45e"
  version = "v1.4.2"

[[projects]]
  digest = "1:0c63b3c7ad6d825a898f28cb854252a3b29d37700c68a117a977263f5ec94efe"
  name = "github.com/spf13/cobra"
  packages = ["."]
  pruneopts = ""
  revision = "f2b07da1e2c38d5f12845a4f607e2e1018cbb1f5"
  version = "v0.0.5"

[[projects]]
  digest = "1:688428eeb1ca80d92599eb3254bdf91b51d7e232fead3a73844c1f201a281e51"
  name = "github.com/spf13/pflag"
  packages = ["."]
  pruneopts = ""
  revision = "2e9d26c8c37aae03e3f9d4e90b7116f5accb7cab"
  version = "v1.0.5"

[[projects]]
  branch = "master"
  digest = "1:f58e146d19d1af39792c0b599b24b13de51f75b073ba52c1aa658fe535be9120"
  name = "golang.org/x/net"
  packages = [
    "context",
    "html",
    "html/atom",
    "html/charset",
    "http/httpguts",
    "http2",
    "http2/hpack",
    "idna",
    "internal/timeseries",
    "trace",
  ]
  pruneopts = ""
  revision = "ef20fe5d793301b553005db740f730d87993f778"

[[projects]]
  branch = "master"
  digest = "1:6530ff3e6639af9bab7d2cf1e141c348e63af92058fa64d0660a6e8817d41640"
  name = "golang.org/x/sys"
  packages = [
    "unix",
    "windows",
    "windows/registry",
    "windows/svc/eventlog",
  ]
  pruneopts = ""
  revision = "6d18c012aee9febd81bbf9806760c8c4480e870d"

[[projects]]
  digest = "1:740b51a55815493a8d0f2b1e0d0ae48fe48953bf7eaf3fcc4198823bf67768c0"
  name = "golang.org/x/text"
  packages = [
    "collate",
    "collate/build",
    "encoding",
    "encoding/charmap",
    "encoding/htmlindex",
    "encoding/internal",
    "encoding/internal/identifier",
    "encoding/japanese",
    "encoding/korean",
    "encoding/simplifiedchinese",
    "encoding/traditionalchinese",
    "encoding/unicode",
    "internal/colltab",
    "internal/gen",
    "internal/language",
    "internal/language/compact",
    "internal/tag",
    "internal/triegen",
    "internal/ucd",
    "internal/utf8internal",
    "language",
    "runes",
    "secure/bidirule",
    "transform",
    "unicode/bidi",
    "unicode/cldr",
    "unicode/norm",
    "unicode/rangetable",
  ]
  pruneopts = ""
  revision = "342b2e1fbaa52c93f31447ad2c6abc048c63e475"
  version = "v0.3.2"

[[projects]]
  branch = "master"
  digest = "1:a51a58f22fcdcf4238ee8b2a3a9637cbdb73320183038ce20c104f682563c640"
  name = "google.golang.org/genproto"
  packages = [
    "googleapis/api/annotations",
    "googleapis/api/httpbody",
    "googleapis/rpc/errdetails",
    "googleapis/rpc/status",
    "protobuf/field_mask",
  ]
  pruneopts = ""
  revision = "83cc0476cb11ea0da33dacd4c6354ab192de6fe6"

[[projects]]
  digest = "1:ec89356e95f2a8983928a7872f71f0f934f97932353af4fe1a76d322db5eaf7b"
  name = "google.golang.org/grpc"
  packages = [
    ".",
    "backoff",
    "balancer",
    "balancer/base",
    "balancer/roundrobin",
    "binarylog/grpc_binarylog_v1",
    "codes",
    "connectivity",
    "credentials",
    "credentials/internal",
    "encoding",
    "encoding/proto",
    "grpclog",
    "internal",
    "internal/backoff",
    "internal/balancerload",
    "internal/binarylog",
    "internal/buffer",
    "internal/channelz",
    "internal/envconfig",
    "internal/grpcrand",
    "internal/grpcsync",
    "internal/resolver/dns",
    "internal/resolver/passthrough",
    "internal/syscall",
    "internal/transport",
    "keepalive",
    "metadata",
    "naming",
    "peer",
    "reflection",
    "reflection/grpc_reflection_v1alpha",
    "resolver",
    "serviceconfig",
    "stats",
    "status",
    "tap",
    "test/bufconn",
  ]
  pruneopts = ""
  revision = "1a3960e4bd028ac0cec0a2afd27d7d8e67c11514"
  version = "v1.25.1"

[[projects]]
  digest = "1:15d017551627c8bb091bde628215b2861bed128855343fdd570c62d08871f6e1"
  name = "gopkg.in/alecthomas/kingpin.v2"
  packages = ["."]
  pruneopts = ""
  revision = "947dcec5ba9c011838740e680966fd7087a71d0d"
  version = "v2.2.6"

[[projects]]
  digest = "1:eb53021a8aa3f599d29c7102e65026242bdedce998a54837dc67f14b6a97c5fd"
  name = "gopkg.in/fsnotify.v1"
  packages = ["."]
  pruneopts = ""
  revision = "c2828203cd70a50dcccfb2761f8b1f8ceef9a8e9"
  source = "https://github.com/fsnotify/fsnotify/archive/v1.4.7.tar.gz"
  version = "v1.4.7"

[[projects]]
  branch = "v1"
  digest = "1:a96d16bd088460f2e0685d46c39bcf1208ba46e0a977be2df49864ec7da447dd"
  name = "gopkg.in/tomb.v1"
  packages = ["."]
  pruneopts = ""
  revision = "dd632973f1e7218eb1089048e0798ec9ae7dceb8"

[[projects]]
  digest = "1:5a53f6ef09fb1ac261a97f8a72e8837ff53cbaa969022a6679da210e4cbe9b0f"
  name = "gopkg.in/yaml.v2"
  packages = ["."]
  pruneopts = ""
  revision = "1f64d6156d11335c3f22d9330b0ad14fc1e789ce"
  version = "v2.2.7"

[solve-meta]
  analyzer-name = "dep"
  analyzer-version = 1
  input-imports = [
    "github.com/fsnotify/fsnotify",
    "github.com/golang/protobuf/ptypes/timestamp",
    "github.com/nalej/derrors",
    "github.com/nalej/grpc-app-cluster-api-go",
    "github.com/nalej/grpc-common-go",
    "github.com/nalej/grpc-edge-inventory-proxy-go",
    "github.com/nalej/grpc-infrastructure-go",
    "github.com/nalej/grpc-inventory-go",
    "github.com/nalej/grpc-monitoring-go",
    "github.com/nalej/grpc-organization-go",
    "github.com/nalej/grpc-utils/pkg/conversions",
    "github.com/nalej/grpc-utils/pkg/test",
    "github.com/onsi/ginkgo",
    "github.com/onsi/gomega",
    "github.com/prometheus/client_golang/api",
    "github.com/prometheus/client_golang/api/prometheus/v1",
    "github.com/prometheus/client_golang/prometheus",
    "github.com/prometheus/client_golang/prometheus/promhttp",
    "github.com/prometheus/common/log",
    "github.com/prometheus/common/model",
    "github.com/rs/zerolog",
    "github.com/rs/zerolog/log",
    "github.com/spf13/cobra",
    "google.golang.org/grpc",
    "google.golang.org/grpc/credentials",
    "google.golang.org/grpc/reflection",
    "google.golang.org/grpc/test/bufconn",
  ]
  solver-name = "gps-cdcl"
  solver-version = 1
