# This file is autogenerated, do not edit; changes may be undone by the next 'dep ensure'.


[[projects]]
  branch = "master"
  digest = "1:c0bec5f9b98d0bc872ff5e834fac186b807b656683bd29cb82fb207a1513fabb"
  name = "github.com/beorn7/perks"
  packages = ["quantile"]
  pruneopts = ""
  revision = "3a771d992973f24aa725d07868b467d1ddfceafb"

[[projects]]
  digest = "1:0deddd908b6b4b768cfc272c16ee61e7088a60f7fe2f06c547bd3d8e1f8b8e77"
  name = "github.com/davecgh/go-spew"
  packages = ["spew"]
  pruneopts = ""
  revision = "8991bc29aa16c548c550c7ff78260e27b9ab7c73"
  version = "v1.1.1"

[[projects]]
  digest = "1:b13707423743d41665fd23f0c36b2f37bb49c30e94adb813319c44188a51ba22"
  name = "github.com/ghodss/yaml"
  packages = ["."]
  pruneopts = ""
  revision = "0ca9ea5df5451ffdf184b4428c902747c2c11cd7"
  version = "v1.0.0"

[[projects]]
  digest = "1:fd53b471edb4c28c7d297f617f4da0d33402755f58d6301e7ca1197ef0a90937"
  name = "github.com/gogo/protobuf"
  packages = [
    "proto",
    "sortkeys",
  ]
  pruneopts = ""
  revision = "ba06b47c162d49f2af050fb4c75bcbc86a159d5c"
  version = "v1.2.1"

[[projects]]
  branch = "master"
  digest = "1:107b233e45174dbab5b1324201d092ea9448e58243ab9f039e4c0f332e121e3a"
  name = "github.com/golang/glog"
  packages = ["."]
  pruneopts = ""
  revision = "23def4e6c14b4da8ac2ed8007337bc5eb5007998"

[[projects]]
  digest = "1:d3d38150b6d77b2aad42a9e105170538b6563518993d43df78a1add6e31cce62"
  name = "github.com/golang/protobuf"
  packages = [
    "proto",
    "protoc-gen-go/descriptor",
    "ptypes",
    "ptypes/any",
    "ptypes/duration",
    "ptypes/timestamp",
  ]
  pruneopts = ""
  revision = "c823c79ea1570fb5ff454033735a8e68575d1d0f"
  version = "v1.3.0"

[[projects]]
  branch = "master"
  digest = "1:1e5b1e14524ed08301977b7b8e10c719ed853cbf3f24ecb66fae783a46f207a6"
  name = "github.com/google/btree"
  packages = ["."]
  pruneopts = ""
  revision = "4030bb1f1f0c35b30ca7009e9ebd06849dd45306"

[[projects]]
  branch = "master"
  digest = "1:754f77e9c839b24778a4b64422236d38515301d2baeb63113aa3edc42e6af692"
  name = "github.com/google/gofuzz"
  packages = ["."]
  pruneopts = ""
  revision = "24818f796faf91cd76ec7bddd72458fbced7a6c1"

[[projects]]
  digest = "1:16b2837c8b3cf045fa2cdc82af0cf78b19582701394484ae76b2c3bc3c99ad73"
  name = "github.com/googleapis/gnostic"
  packages = [
    "OpenAPIv2",
    "compiler",
    "extensions",
  ]
  pruneopts = ""
  revision = "7c663266750e7d82587642f65e60bc4083f1f84e"
  version = "v0.2.0"

[[projects]]
  branch = "master"
  digest = "1:326d7083af3723768cd8150db99b8ac730837b05ef290d5a042562905cc26210"
  name = "github.com/gregjones/httpcache"
  packages = [
    ".",
    "diskcache",
  ]
  pruneopts = ""
  revision = "3befbb6ad0cc97d4c25d851e9528915809e1a22f"

[[projects]]
  digest = "1:85f8f8d390a03287a563e215ea6bd0610c858042731a8b42062435a0dcbc485f"
  name = "github.com/hashicorp/golang-lru"
  packages = [
    ".",
    "simplelru",
  ]
  pruneopts = ""
  revision = "7087cb70de9f7a8bc0a10c375cb0d2280a8edf9c"
  version = "v0.5.1"

[[projects]]
  digest = "1:31bfd110d31505e9ffbc9478e31773bf05bf02adcaeb9b139af42684f9294c13"
  name = "github.com/imdario/mergo"
  packages = ["."]
  pruneopts = ""
  revision = "7c29201646fa3de8506f701213473dd407f19646"
  version = "v0.3.7"

[[projects]]
  digest = "1:870d441fe217b8e689d7949fef6e43efbc787e50f200cb1e70dbca9204a1d6be"
  name = "github.com/inconshreveable/mousetrap"
  packages = ["."]
  pruneopts = ""
  revision = "76626ae9c91c4f2a10f34cad8ce83ea42c93bb75"
  version = "v1.0"

[[projects]]
  digest = "1:b79fc583e4dc7055ed86742e22164ac41bf8c0940722dbcb600f1a3ace1a8cb5"
  name = "github.com/json-iterator/go"
  packages = ["."]
  pruneopts = ""
  revision = "1624edc4454b8682399def8740d46db5e4362ba4"
  version = "v1.1.5"

[[projects]]
  digest = "1:63722a4b1e1717be7b98fc686e0b30d5e7f734b9e93d7dee86293b6deab7ea28"
  name = "github.com/matttproud/golang_protobuf_extensions"
  packages = ["pbutil"]
  pruneopts = ""
  revision = "c12348ce28de40eed0136aa2b644d0ee0650e56c"
  version = "v1.0.1"

[[projects]]
  digest = "1:0c0ff2a89c1bb0d01887e1dac043ad7efbf3ec77482ef058ac423d13497e16fd"
  name = "github.com/modern-go/concurrent"
  packages = ["."]
  pruneopts = ""
  revision = "bacd9c7ef1dd9b15be4a9909b8ac7a4e313eec94"
  version = "1.0.3"

[[projects]]
  digest = "1:e32bdbdb7c377a07a9a46378290059822efdce5c8d96fe71940d87cb4f918855"
  name = "github.com/modern-go/reflect2"
  packages = ["."]
  pruneopts = ""
  revision = "4b7aa43c6742a2c18fdef89dd197aaae7dac7ccd"
  version = "1.0.1"

[[projects]]
  digest = "1:0cc441f3dfe124dd74f44dd7e466dfc17cc7edff468094fbc3847a96b5ebf6f7"
  name = "github.com/nalej/derrors"
  packages = ["."]
  pruneopts = ""
  revision = "7a6df7f0bb1c7cddfec82c91119f193f6fcbc9d5"
  version = "v2.0.0"

[[projects]]
  digest = "1:44f7426538411ea9f774f96e3b102decc9f549b188e55e29ecc15be69542a96b"
  name = "github.com/nalej/grpc-common-go"
  packages = ["."]
  pruneopts = ""
  revision = "e1513decc4192934536180d456748a4c3dec0245"
  version = "v0.0.30"

[[projects]]
  digest = "1:6973c345abcc2530f5ae4ddaa179521470a37b9cc8a2b7568227190df7f381e2"
  name = "github.com/nalej/grpc-infrastructure-go"
  packages = ["."]
  pruneopts = ""
  revision = "ea9783c67dc5bf7f6429935c0fdc59eee3f361e1"
  version = "v0.0.32"

[[projects]]
  digest = "1:563634bd58d7111660d55e03735d16f13176027243c5e0d3f2c7f4e2daf2f74b"
  name = "github.com/nalej/grpc-infrastructure-monitor-go"
  packages = ["."]
  pruneopts = ""
  revision = "17cd2b9c7c344556cc15b657a74e84ff70da5eba"
  version = "v0.0.1"

[[projects]]
  digest = "1:9921e275160e1559963d6452a918027db3563746fd03f63369ab104c0fbf16bf"
  name = "github.com/nalej/grpc-organization-go"
  packages = ["."]
  pruneopts = ""
  revision = "c571882666c05213df408ae9da8ab08f71a7a7bb"
  version = "v0.0.28"

[[projects]]
  branch = "master"
  digest = "1:c24598ffeadd2762552269271b3b1510df2d83ee6696c1e543a0ff653af494bc"
  name = "github.com/petar/GoLLRB"
  packages = ["llrb"]
  pruneopts = ""
  revision = "53be0d36a84c2a886ca057d34b6aa4468df9ccb4"

[[projects]]
  digest = "1:b46305723171710475f2dd37547edd57b67b9de9f2a6267cafdd98331fd6897f"
  name = "github.com/peterbourgon/diskv"
  packages = ["."]
  pruneopts = ""
  revision = "5f041e8faa004a95c88a202771f4cc3e991971e6"
  version = "v2.0.1"

[[projects]]
  digest = "1:6f218995d6a74636cfcab45ce03005371e682b4b9bee0e5eb0ccfd83ef85364f"
  name = "github.com/prometheus/client_golang"
  packages = [
    "prometheus",
    "prometheus/internal",
    "prometheus/promhttp",
  ]
  pruneopts = ""
  revision = "505eaef017263e299324067d40ca2c48f6a2cf50"
  version = "v0.9.2"

[[projects]]
  branch = "master"
  digest = "1:cd67319ee7536399990c4b00fae07c3413035a53193c644549a676091507cadc"
  name = "github.com/prometheus/client_model"
  packages = ["go"]
  pruneopts = ""
  revision = "fd36f4220a901265f90734c3183c5f0c91daa0b8"

[[projects]]
  digest = "1:96af18a3819d2ff7d6aa07e6e50955b11e477dbc8b890324c67462b84adca56b"
  name = "github.com/prometheus/common"
  packages = [
    "expfmt",
    "internal/bitbucket.org/ww/goautoneg",
    "model",
  ]
  pruneopts = ""
  revision = "cfeb6f9992ffa54aaa4f2170ade4067ee478b250"
  version = "v0.2.0"

[[projects]]
  branch = "master"
  digest = "1:a29813277de981ce33148b3f1906bba492af2ce97237c050f62a6b48cfdae721"
  name = "github.com/prometheus/procfs"
  packages = [
    ".",
    "internal/util",
    "iostats",
    "nfs",
    "xfs",
  ]
  pruneopts = ""
  revision = "d0f344d83b0c80a1bc03b547a2374a9ec6711144"

[[projects]]
  digest = "1:36de4f001b7f3fca448ba85270a4de8854f5abcb97d02d57be7fd6fc4a39d259"
  name = "github.com/rs/zerolog"
  packages = [
    ".",
    "internal/cbor",
    "internal/json",
    "log",
  ]
  pruneopts = ""
  revision = "6d6350a51143b5c0d0a6a3b736ee2b41315f7269"
  version = "v1.12.0"

[[projects]]
  digest = "1:a1403cc8a94b8d7956ee5e9694badef0e7b051af289caad1cf668331e3ffa4f6"
  name = "github.com/spf13/cobra"
  packages = ["."]
  pruneopts = ""
  revision = "ef82de70bb3f60c65fb8eebacbb2d122ef517385"
  version = "v0.0.3"

[[projects]]
  digest = "1:cbaf13cdbfef0e4734ed8a7504f57fe893d471d62a35b982bf6fb3f036449a66"
  name = "github.com/spf13/pflag"
  packages = ["."]
  pruneopts = ""
  revision = "298182f68c66c05229eb03ac171abe6e309ee79a"
  version = "v1.0.3"

[[projects]]
  branch = "master"
  digest = "1:7a77b79efe106f3304dcf50dc86836151758f246169b527722552a5eb2ae14fc"
  name = "golang.org/x/crypto"
  packages = ["ssh/terminal"]
  pruneopts = ""
  revision = "8dd112bcdc25174059e45e07517d9fc663123347"

[[projects]]
  branch = "master"
  digest = "1:7489cf41e267d966cbc16d9b98622e7124818af9339d5466aaec4fc736c404c0"
  name = "golang.org/x/net"
  packages = [
    "context",
    "http/httpguts",
    "http2",
    "http2/hpack",
    "idna",
    "internal/timeseries",
    "trace",
  ]
  pruneopts = ""
  revision = "16b79f2e4e95ea23b2bf9903c9809ff7b013ce85"

[[projects]]
  branch = "master"
  digest = "1:b723a8ef66371461da4327c018f8b7a879fc59e525f6ac4b03a9f6411a7155ff"
  name = "golang.org/x/sys"
  packages = [
    "unix",
    "windows",
  ]
  pruneopts = ""
  revision = "584f3b12f43e1e55248c90e84804777009eed0a4"

[[projects]]
  digest = "1:5acd3512b047305d49e8763eef7ba423901e85d5dd2fd1e71778a0ea8de10bd4"
  name = "golang.org/x/text"
  packages = [
    "collate",
    "collate/build",
    "internal/colltab",
    "internal/gen",
    "internal/tag",
    "internal/triegen",
    "internal/ucd",
    "language",
    "secure/bidirule",
    "transform",
    "unicode/bidi",
    "unicode/cldr",
    "unicode/norm",
    "unicode/rangetable",
  ]
  pruneopts = ""
  revision = "f21a4dfb5e38f5895301dc265a8def02365cc3d0"
  version = "v0.3.0"

[[projects]]
  branch = "master"
  digest = "1:14cb1d4240bcbbf1386ae763957e04e2765ec4e4ce7bb2769d05fa6faccd774e"
  name = "golang.org/x/time"
  packages = ["rate"]
  pruneopts = ""
  revision = "85acf8d2951cb2a3bde7632f9ff273ef0379bcbd"

[[projects]]
  branch = "master"
  digest = "1:6a8803e2481c92e20f9fc654b8ddfbd5a2a802c0454d0bc5b7a018b218282205"
  name = "google.golang.org/genproto"
  packages = ["googleapis/rpc/status"]
  pruneopts = ""
  revision = "5fe7a883aa19554f42890211544aa549836af7b7"

[[projects]]
  digest = "1:b6c17b0c657f047118ae59b358950b28515914512cf3de02388cc42e33a92520"
  name = "google.golang.org/grpc"
  packages = [
    ".",
    "balancer",
    "balancer/base",
    "balancer/roundrobin",
    "binarylog/grpc_binarylog_v1",
    "codes",
    "connectivity",
    "credentials",
    "credentials/internal",
    "encoding",
    "encoding/proto",
    "grpclog",
    "internal",
    "internal/backoff",
    "internal/binarylog",
    "internal/channelz",
    "internal/envconfig",
    "internal/grpcrand",
    "internal/grpcsync",
    "internal/syscall",
    "internal/transport",
    "keepalive",
    "metadata",
    "naming",
    "peer",
    "reflection",
    "reflection/grpc_reflection_v1alpha",
    "resolver",
    "resolver/dns",
    "resolver/passthrough",
    "stats",
    "status",
    "tap",
  ]
  pruneopts = ""
  revision = "2fdaae294f38ed9a121193c51ec99fecd3b13eb7"
  version = "v1.19.0"

[[projects]]
  digest = "1:75fb3fcfc73a8c723efde7777b40e8e8ff9babf30d8c56160d01beffea8a95a6"
  name = "gopkg.in/inf.v0"
  packages = ["."]
  pruneopts = ""
  revision = "d2d2541c53f18d2a059457998ce2876cc8e67cbf"
  version = "v0.9.1"

[[projects]]
  digest = "1:cedccf16b71e86db87a24f8d4c70b0a855872eb967cb906a66b95de56aefbd0d"
  name = "gopkg.in/yaml.v2"
  packages = ["."]
  pruneopts = ""
  revision = "51d6538a90f86fe93ac480b35f37b2be17fef232"
  version = "v2.2.2"

[[projects]]
  digest = "1:b7dfcf13245d66685997bc74c67c3d00b89b9e3e6bf6cfcdfa5b41ad44150445"
  name = "k8s.io/api"
  packages = [
    "admissionregistration/v1alpha1",
    "admissionregistration/v1beta1",
    "apps/v1",
    "apps/v1beta1",
    "apps/v1beta2",
    "authentication/v1",
    "authentication/v1beta1",
    "authorization/v1",
    "authorization/v1beta1",
    "autoscaling/v1",
    "autoscaling/v2beta1",
    "batch/v1",
    "batch/v1beta1",
    "batch/v2alpha1",
    "certificates/v1beta1",
    "core/v1",
    "events/v1beta1",
    "extensions/v1beta1",
    "networking/v1",
    "policy/v1beta1",
    "rbac/v1",
    "rbac/v1alpha1",
    "rbac/v1beta1",
    "scheduling/v1alpha1",
    "scheduling/v1beta1",
    "settings/v1alpha1",
    "storage/v1",
    "storage/v1alpha1",
    "storage/v1beta1",
  ]
  pruneopts = ""
  revision = "e86510ea3fe79b17eda7b8b3bb5cf8811d3af968"
  version = "kubernetes-1.11.7"

[[projects]]
  digest = "1:1cabd999b24a5205c04c88e95b3803fcb71512d563ed8e409ea7f88ab95f4230"
  name = "k8s.io/apimachinery"
  packages = [
    "pkg/api/errors",
    "pkg/api/meta",
    "pkg/api/resource",
    "pkg/apis/meta/internalversion",
    "pkg/apis/meta/v1",
    "pkg/apis/meta/v1/unstructured",
    "pkg/apis/meta/v1beta1",
    "pkg/conversion",
    "pkg/conversion/queryparams",
    "pkg/fields",
    "pkg/labels",
    "pkg/runtime",
    "pkg/runtime/schema",
    "pkg/runtime/serializer",
    "pkg/runtime/serializer/json",
    "pkg/runtime/serializer/protobuf",
    "pkg/runtime/serializer/recognizer",
    "pkg/runtime/serializer/streaming",
    "pkg/runtime/serializer/versioning",
    "pkg/selection",
    "pkg/types",
    "pkg/util/cache",
    "pkg/util/clock",
    "pkg/util/diff",
    "pkg/util/errors",
    "pkg/util/framer",
    "pkg/util/intstr",
    "pkg/util/json",
    "pkg/util/net",
    "pkg/util/runtime",
    "pkg/util/sets",
    "pkg/util/validation",
    "pkg/util/validation/field",
    "pkg/util/wait",
    "pkg/util/yaml",
    "pkg/version",
    "pkg/watch",
    "third_party/forked/golang/reflect",
  ]
  pruneopts = ""
  revision = "1525e4dadd2df06debdeb27ee24ac7db5b6413b1"
  version = "kubernetes-1.11.7"

[[projects]]
  digest = "1:d04779a8de7d5465e0463bd986506348de5e89677c74777f695d3145a7a8d15e"
  name = "k8s.io/client-go"
  packages = [
    "discovery",
    "kubernetes/scheme",
    "pkg/apis/clientauthentication",
    "pkg/apis/clientauthentication/v1alpha1",
    "pkg/apis/clientauthentication/v1beta1",
    "pkg/version",
    "plugin/pkg/client/auth/exec",
    "rest",
    "rest/watch",
    "restmapper",
    "tools/auth",
    "tools/cache",
    "tools/clientcmd",
    "tools/clientcmd/api",
    "tools/clientcmd/api/latest",
    "tools/clientcmd/api/v1",
    "tools/metrics",
    "tools/pager",
    "transport",
    "util/buffer",
    "util/cert",
    "util/connrotation",
    "util/flowcontrol",
    "util/homedir",
    "util/integer",
    "util/retry",
  ]
  pruneopts = ""
  revision = "7d04d0e2a0a1a4d4a1cd6baa432a2301492e4e65"
  version = "v8.0.0"

[solve-meta]
  analyzer-name = "dep"
  analyzer-version = 1
  input-imports = [
    "github.com/nalej/derrors",
    "github.com/nalej/grpc-infrastructure-go",
    "github.com/nalej/grpc-infrastructure-monitor-go",
    "github.com/prometheus/client_golang/prometheus",
    "github.com/prometheus/client_golang/prometheus/promhttp",
    "github.com/prometheus/client_model/go",
    "github.com/rs/zerolog",
    "github.com/rs/zerolog/log",
    "github.com/spf13/cobra",
    "google.golang.org/grpc",
    "google.golang.org/grpc/reflection",
    "k8s.io/api/apps/v1",
    "k8s.io/api/core/v1",
    "k8s.io/api/extensions/v1beta1",
    "k8s.io/apimachinery/pkg/apis/meta/v1",
    "k8s.io/apimachinery/pkg/fields",
    "k8s.io/apimachinery/pkg/labels",
    "k8s.io/apimachinery/pkg/runtime",
    "k8s.io/apimachinery/pkg/runtime/schema",
    "k8s.io/apimachinery/pkg/runtime/serializer",
    "k8s.io/client-go/discovery",
    "k8s.io/client-go/kubernetes/scheme",
    "k8s.io/client-go/rest",
    "k8s.io/client-go/restmapper",
    "k8s.io/client-go/tools/cache",
    "k8s.io/client-go/tools/clientcmd",
  ]
  solver-name = "gps-cdcl"
  solver-version = 1
